
Microsoft Visual Studio Solution File, Format Version 12.00
# Visual Studio Version 17
VisualStudioVersion = 17.0.32112.339
MinimumVisualStudioVersion = 10.0.40219.1
Project("{FAE04EC0-301F-11D3-BF4B-00C04F79EFBC}") = "HW11", "HW11\HW11.csproj", "{CF0275F2-0304-497B-A677-396C47BB0F15}"
EndProject
Global
	GlobalSection(SolutionConfigurationPlatforms) = preSolution
		Debug|Any CPU = Debug|Any CPU
		Release|Any CPU = Release|Any CPU
	EndGlobalSection
	GlobalSection(ProjectConfigurationPlatforms) = postSolution
		{CF0275F2-0304-497B-A677-396C47BB0F15}.Debug|Any CPU.ActiveCfg = Debug|Any CPU
		{CF0275F2-0304-497B-A677-396C47BB0F15}.Debug|Any CPU.Build.0 = Debug|Any CPU
		{CF0275F2-0304-497B-A677-396C47BB0F15}.Release|Any CPU.ActiveCfg = Release|Any CPU
		{CF0275F2-0304-497B-A677-396C47BB0F15}.Release|Any CPU.Build.0 = Release|Any CPU
	EndGlobalSection
	GlobalSection(SolutionProperties) = preSolution
		HideSolutionNode = FALSE
	EndGlobalSection
	GlobalSection(ExtensibilityGlobals) = postSolution
		SolutionGuid = {79D32F1D-0806-4074-8ECF-DA514A77F01C}
	EndGlobalSection
EndGlobal
